{
  "name": "composite-class",
  "version": "0.2.0",
  "lockfileVersion": 1,
  "dependencies": {
    "ansi-escape-sequences": {
      "version": "3.0.0",
      "resolved": "https://registry.npmjs.org/ansi-escape-sequences/-/ansi-escape-sequences-3.0.0.tgz",
      "integrity": "sha1-HBg5S2r5t2/5pjUJ+kl2af0s5T4=",
      "dev": true
    },
    "array-back": {
      "version": "https://registry.npmjs.org/array-back/-/array-back-1.0.3.tgz",
      "integrity": "sha1-8RKKXPG5HIC+1KIY+MW2NcixBmM=",
      "dev": true
    },
    "balanced-match": {
      "version": "https://registry.npmjs.org/balanced-match/-/balanced-match-0.4.1.tgz",
      "integrity": "sha1-GQU+LgdI6ts3nabAnUVc9eEDkzU=",
      "dev": true
    },
    "command-line-args": {
      "version": "3.0.5",
      "resolved": "https://registry.npmjs.org/command-line-args/-/command-line-args-3.0.5.tgz",
      "integrity": "sha1-W9StReeYPlwTRJGOQCgO4mk8WsA=",
      "dev": true,
      "dependencies": {
        "array-back": {
          "version": "1.0.4",
          "resolved": "https://registry.npmjs.org/array-back/-/array-back-1.0.4.tgz",
          "integrity": "sha1-ZEun8JX3/898Q7Xw3DnTwfA8Bjs=",
          "dev": true
        },
        "typical": {
          "version": "2.6.1",
          "resolved": "https://registry.npmjs.org/typical/-/typical-2.6.1.tgz",
          "integrity": "sha1-XAgOXWYcu+OCWdLnCjxyU+hziB0=",
          "dev": true
        }
      }
    },
    "command-line-tool": {
      "version": "0.6.4",
      "resolved": "https://registry.npmjs.org/command-line-tool/-/command-line-tool-0.6.4.tgz",
      "integrity": "sha1-TBHjcvPkElSGHD/mtTjTx6WxRPM=",
      "dev": true,
      "dependencies": {
        "typical": {
          "version": "2.6.1",
          "resolved": "https://registry.npmjs.org/typical/-/typical-2.6.1.tgz",
          "integrity": "sha1-XAgOXWYcu+OCWdLnCjxyU+hziB0=",
          "dev": true
        }
      }
    },
    "command-line-usage": {
      "version": "3.0.8",
      "resolved": "https://registry.npmjs.org/command-line-usage/-/command-line-usage-3.0.8.tgz",
      "integrity": "sha1-tqIJeMGzg0d/XBGlKUKLiAv+D00=",
      "dev": true,
      "dependencies": {
        "typical": {
          "version": "2.6.1",
          "resolved": "https://registry.npmjs.org/typical/-/typical-2.6.1.tgz",
          "integrity": "sha1-XAgOXWYcu+OCWdLnCjxyU+hziB0=",
          "dev": true
        }
      }
    },
    "concat-map": {
      "version": "https://registry.npmjs.org/concat-map/-/concat-map-0.0.1.tgz",
      "integrity": "sha1-2Klr13/Wjfd5OnMDajug1UBdR3s=",
      "dev": true
    },
    "core-js": {
      "version": "2.4.1",
      "resolved": "https://registry.npmjs.org/core-js/-/core-js-2.4.1.tgz",
      "integrity": "sha1-TekR5mew6ukSTjQlS1OupvxhjT4=",
      "dev": true
    },
    "deep-extend": {
      "version": "0.4.2",
      "resolved": "https://registry.npmjs.org/deep-extend/-/deep-extend-0.4.2.tgz",
      "integrity": "sha1-SLaZwn4zS/ifEIkr5DL25MfTSn8=",
      "dev": true
    },
    "feature-detect-es6": {
      "version": "1.3.1",
      "resolved": "https://registry.npmjs.org/feature-detect-es6/-/feature-detect-es6-1.3.1.tgz",
      "integrity": "sha1-+IhzavnLDJH1VmO/pHYuuW7nBH8=",
      "dev": true
    },
    "file-set": {
      "version": "1.1.1",
      "resolved": "https://registry.npmjs.org/file-set/-/file-set-1.1.1.tgz",
      "integrity": "sha1-0+xwwIDsjxjyBLod4QZ4DJBWkms=",
      "dev": true,
      "dependencies": {
        "brace-expansion": {
          "version": "1.1.7",
          "resolved": "https://registry.npmjs.org/brace-expansion/-/brace-expansion-1.1.7.tgz",
          "integrity": "sha1-Pv/DxQ4ABTH7cg6v+A8K6O8jz1k=",
          "dev": true
        },
        "glob": {
          "version": "7.1.2",
          "resolved": "https://registry.npmjs.org/glob/-/glob-7.1.2.tgz",
          "integrity": "sha512-MJTUg1kjuLeQCJ+ccE4Vpa6kKVXkPYJ2mOCQyUuKLcLQsdrMCpBPUi8qVE6+YuaJkozeA9NusTAw3hLr8Xe5EQ==",
          "dev": true
        },
        "minimatch": {
          "version": "3.0.4",
          "resolved": "https://registry.npmjs.org/minimatch/-/minimatch-3.0.4.tgz",
          "integrity": "sha512-yJHVQEhyqPLUTgt9B83PXu6W3rx4MvvHvSUvToogpwoGDOUQ+yDrR0HRot+yOCdCO7u4hX3pWft6kWBBcqh0UA==",
          "dev": true
        }
      }
    },
    "find-replace": {
      "version": "https://registry.npmjs.org/find-replace/-/find-replace-1.0.2.tgz",
      "integrity": "sha1-otbOdA0V8NkrGyZ2PizpwONh/Zg=",
      "dev": true
    },
    "fs.realpath": {
      "version": "1.0.0",
      "resolved": "https://registry.npmjs.org/fs.realpath/-/fs.realpath-1.0.0.tgz",
      "integrity": "sha1-FQStJSMVjKpA20onh8sBQRmU6k8=",
      "dev": true
    },
    "inflight": {
      "version": "https://registry.npmjs.org/inflight/-/inflight-1.0.5.tgz",
      "integrity": "sha1-2zIEzVqd4ubNiQuFxuL2a89PYgo=",
      "dev": true
    },
    "inherits": {
      "version": "https://registry.npmjs.org/inherits/-/inherits-2.0.1.tgz",
      "integrity": "sha1-sX0I0ya0Qj5Wjv9xn5GwscvfafE=",
      "dev": true
    },
    "once": {
      "version": "https://registry.npmjs.org/once/-/once-1.3.3.tgz",
      "integrity": "sha1-suJhVXzkwxTsgwTz+oJmPkKXyiA=",
      "dev": true
    },
    "path-is-absolute": {
      "version": "https://registry.npmjs.org/path-is-absolute/-/path-is-absolute-1.0.0.tgz",
      "integrity": "sha1-Jj2tpmqz8vsQv3+dJN2PPlcO+RI=",
      "dev": true
    },
    "reduce-flatten": {
      "version": "1.0.1",
      "resolved": "https://registry.npmjs.org/reduce-flatten/-/reduce-flatten-1.0.1.tgz",
      "integrity": "sha1-JYx479FT3fk8tWEjf2EYTzaW4yc=",
      "dev": true
    },
    "table-layout": {
      "version": "0.3.0",
      "resolved": "https://registry.npmjs.org/table-layout/-/table-layout-0.3.0.tgz",
      "integrity": "sha1-buINxIPbNxs+XIf3BO0vfHmdLJo=",
      "dev": true,
      "dependencies": {
        "typical": {
          "version": "2.6.1",
          "resolved": "https://registry.npmjs.org/typical/-/typical-2.6.1.tgz",
          "integrity": "sha1-XAgOXWYcu+OCWdLnCjxyU+hziB0=",
          "dev": true
        }
      }
    },
    "test-runner": {
      "version": "0.3.0",
      "resolved": "https://registry.npmjs.org/test-runner/-/test-runner-0.3.0.tgz",
      "integrity": "sha1-0cmKEdFaA1vabvI0KhBOcCUajVg=",
      "dev": true
    },
    "test-value": {
      "version": "https://registry.npmjs.org/test-value/-/test-value-2.0.0.tgz",
      "integrity": "sha1-DWXEXuC0inV8RQel6Y7CaAqdsTc=",
      "dev": true
    },
    "typical": {
      "version": "https://registry.npmjs.org/typical/-/typical-2.4.2.tgz",
      "integrity": "sha1-rekrJxb5peHfAI/5N6FZkoeCSWQ=",
      "dev": true
    },
    "wordwrapjs": {
      "version": "2.0.0",
      "resolved": "https://registry.npmjs.org/wordwrapjs/-/wordwrapjs-2.0.0.tgz",
      "integrity": "sha1-q1X2leYRjak4WP3XDAU9HF4BrCA=",
      "dev": true,
      "dependencies": {
        "typical": {
          "version": "2.6.1",
          "resolved": "https://registry.npmjs.org/typical/-/typical-2.6.1.tgz",
          "integrity": "sha1-XAgOXWYcu+OCWdLnCjxyU+hziB0=",
          "dev": true
        }
      }
    },
    "wrappy": {
      "version": "https://registry.npmjs.org/wrappy/-/wrappy-1.0.2.tgz",
      "integrity": "sha1-tSQ9jz7BqjXxNkYFvA0QNuMKtp8=",
      "dev": true
    }
  }
}
